
Microsoft Visual Studio Solution File, Format Version 12.00
# Visual Studio Version 17
VisualStudioVersion = 17.14.37614.0 d17.14
MinimumVisualStudioVersion = 10.0.40219.1
Project("{FAE04EC0-301F-11D3-BF4B-00C04F79EFBC}") = "MyAppMVC", "MyAppMVC.csproj", "{A603BAAF-43EC-4BAC-800C-B66D9D842DAC}"
EndProject
Global
	GlobalSection(SolutionConfigurationPlatforms) = preSolution
		Debug|Any CPU = Debug|Any CPU
		Release|Any CPU = Release|Any CPU
	EndGlobalSection
	GlobalSection(ProjectConfigurationPlatforms) = postSolution
		{A603BAAF-43EC-4BAC-800C-B66D9D842DAC}.Debug|Any CPU.ActiveCfg = Debug|Any CPU
		{A603BAAF-43EC-4BAC-800C-B66D9D842DAC}.Debug|Any CPU.Build.0 = Debug|Any CPU
		{A603BAAF-43EC-4BAC-800C-B66D9D842DAC}.Release|Any CPU.ActiveCfg = Release|Any CPU
		{A603BAAF-43EC-4BAC-800C-B66D9D842DAC}.Release|Any CPU.Build.0 = Release|Any CPU
	EndGlobalSection
	GlobalSection(SolutionProperties) = preSolution
		HideSolutionNode = FALSE
	EndGlobalSection
	GlobalSection(ExtensibilityGlobals) = postSolution
		SolutionGuid = {23131FED-9E0E-4359-B434-7B94DD3D1FD0}
	EndGlobalSection
EndGlobal
